
Microsoft Visual Studio Solution File, Format Version 12.00
# Visual Studio Version 17
VisualStudioVersion = 17.0.31903.59
MinimumVisualStudioVersion = 10.0.40219.1
Project("{2150E333-8FDC-42A3-9474-1A3956D46DE8}") = "Src", "Src", "{C662B86E-95AF-4FAE-861F-CDA7D1438CC1}"
EndProject
Project("{2150E333-8FDC-42A3-9474-1A3956D46DE8}") = "Tests", "Tests", "{8DD086CE-A186-4C72-86DF-07BFE31AF926}"
EndProject
Project("{FAE04EC0-301F-11D3-BF4B-00C04F79EFBC}") = "McpClient", "src\McpClient\McpClient.csproj", "{D98DC704-D365-456D-9383-88C2B4AC6B34}"
EndProject
Global
	GlobalSection(SolutionConfigurationPlatforms) = preSolution
		Debug|Any CPU = Debug|Any CPU
		Debug|x64 = Debug|x64
		Debug|x86 = Debug|x86
		Release|Any CPU = Release|Any CPU
		Release|x64 = Release|x64
		Release|x86 = Release|x86
	EndGlobalSection
	GlobalSection(ProjectConfigurationPlatforms) = postSolution
		{D98DC704-D365-456D-9383-88C2B4AC6B34}.Debug|Any CPU.ActiveCfg = Debug|Any CPU
		{D98DC704-D365-456D-9383-88C2B4AC6B34}.Debug|Any CPU.Build.0 = Debug|Any CPU
		{D98DC704-D365-456D-9383-88C2B4AC6B34}.Debug|x64.ActiveCfg = Debug|Any CPU
		{D98DC704-D365-456D-9383-88C2B4AC6B34}.Debug|x64.Build.0 = Debug|Any CPU
		{D98DC704-D365-456D-9383-88C2B4AC6B34}.Debug|x86.ActiveCfg = Debug|Any CPU
		{D98DC704-D365-456D-9383-88C2B4AC6B34}.Debug|x86.Build.0 = Debug|Any CPU
		{D98DC704-D365-456D-9383-88C2B4AC6B34}.Release|Any CPU.ActiveCfg = Release|Any CPU
		{D98DC704-D365-456D-9383-88C2B4AC6B34}.Release|Any CPU.Build.0 = Release|Any CPU
		{D98DC704-D365-456D-9383-88C2B4AC6B34}.Release|x64.ActiveCfg = Release|Any CPU
		{D98DC704-D365-456D-9383-88C2B4AC6B34}.Release|x64.Build.0 = Release|Any CPU
		{D98DC704-D365-456D-9383-88C2B4AC6B34}.Release|x86.ActiveCfg = Release|Any CPU
		{D98DC704-D365-456D-9383-88C2B4AC6B34}.Release|x86.Build.0 = Release|Any CPU
	EndGlobalSection
	GlobalSection(SolutionProperties) = preSolution
		HideSolutionNode = FALSE
	EndGlobalSection
	GlobalSection(NestedProjects) = preSolution
		{D98DC704-D365-456D-9383-88C2B4AC6B34} = {C662B86E-95AF-4FAE-861F-CDA7D1438CC1}
	EndGlobalSection
EndGlobal
